
Microsoft Visual Studio Solution File, Format Version 12.00
# Visual Studio Version 17
VisualStudioVersion = 17.10.34928.147
MinimumVisualStudioVersion = 10.0.40219.1
Project("{FAE04EC0-301F-11D3-BF4B-00C04F79EFBC}") = "JSA", "JSA\JSA.csproj", "{B53AC9C3-6174-4EBA-ADD8-D1CA643713B3}"
EndProject
Global
	GlobalSection(SolutionConfigurationPlatforms) = preSolution
		Debug|Any CPU = Debug|Any CPU
		Release|Any CPU = Release|Any CPU
	EndGlobalSection
	GlobalSection(ProjectConfigurationPlatforms) = postSolution
		{B53AC9C3-6174-4EBA-ADD8-D1CA643713B3}.Debug|Any CPU.ActiveCfg = Debug|Any CPU
		{B53AC9C3-6174-4EBA-ADD8-D1CA643713B3}.Debug|Any CPU.Build.0 = Debug|Any CPU
		{B53AC9C3-6174-4EBA-ADD8-D1CA643713B3}.Release|Any CPU.ActiveCfg = Release|Any CPU
		{B53AC9C3-6174-4EBA-ADD8-D1CA643713B3}.Release|Any CPU.Build.0 = Release|Any CPU
	EndGlobalSection
	GlobalSection(SolutionProperties) = preSolution
		HideSolutionNode = FALSE
	EndGlobalSection
	GlobalSection(ExtensibilityGlobals) = postSolution
		SolutionGuid = {95F94EB5-5643-4410-BB0F-370A69C6296A}
	EndGlobalSection
EndGlobal
